
Microsoft Visual Studio Solution File, Format Version 12.00
# Visual Studio Version 16
VisualStudioVersion = 16.0.31313.79
MinimumVisualStudioVersion = 10.0.40219.1
Project("{FAE04EC0-301F-11D3-BF4B-00C04F79EFBC}") = "Lab1", "Lab1\Lab1.csproj", "{0E61A4F7-680A-4209-A9B5-98431D3851C4}"
EndProject
Global
	GlobalSection(SolutionConfigurationPlatforms) = preSolution
		Debug|Any CPU = Debug|Any CPU
		Release|Any CPU = Release|Any CPU
	EndGlobalSection
	GlobalSection(ProjectConfigurationPlatforms) = postSolution
		{0E61A4F7-680A-4209-A9B5-98431D3851C4}.Debug|Any CPU.ActiveCfg = Debug|Any CPU
		{0E61A4F7-680A-4209-A9B5-98431D3851C4}.Debug|Any CPU.Build.0 = Debug|Any CPU
		{0E61A4F7-680A-4209-A9B5-98431D3851C4}.Release|Any CPU.ActiveCfg = Release|Any CPU
		{0E61A4F7-680A-4209-A9B5-98431D3851C4}.Release|Any CPU.Build.0 = Release|Any CPU
	EndGlobalSection
	GlobalSection(SolutionProperties) = preSolution
		HideSolutionNode = FALSE
	EndGlobalSection
	GlobalSection(ExtensibilityGlobals) = postSolution
		SolutionGuid = {3D68C3EE-6B4E-4EED-A564-C78FADEAC9B5}
	EndGlobalSection
EndGlobal
