
Microsoft Visual Studio Solution File, Format Version 12.00
# Visual Studio Version 16
VisualStudioVersion = 16.0.31729.503
MinimumVisualStudioVersion = 10.0.40219.1
Project("{FAE04EC0-301F-11D3-BF4B-00C04F79EFBC}") = "Lab7", "Lab7\Lab7.csproj", "{FBC8BEBD-31B0-4C76-815C-38EC9C96F067}"
EndProject
Global
	GlobalSection(SolutionConfigurationPlatforms) = preSolution
		Debug|Any CPU = Debug|Any CPU
		Release|Any CPU = Release|Any CPU
	EndGlobalSection
	GlobalSection(ProjectConfigurationPlatforms) = postSolution
		{FBC8BEBD-31B0-4C76-815C-38EC9C96F067}.Debug|Any CPU.ActiveCfg = Debug|Any CPU
		{FBC8BEBD-31B0-4C76-815C-38EC9C96F067}.Debug|Any CPU.Build.0 = Debug|Any CPU
		{FBC8BEBD-31B0-4C76-815C-38EC9C96F067}.Release|Any CPU.ActiveCfg = Release|Any CPU
		{FBC8BEBD-31B0-4C76-815C-38EC9C96F067}.Release|Any CPU.Build.0 = Release|Any CPU
	EndGlobalSection
	GlobalSection(SolutionProperties) = preSolution
		HideSolutionNode = FALSE
	EndGlobalSection
	GlobalSection(ExtensibilityGlobals) = postSolution
		SolutionGuid = {556FF58A-4882-43FC-9C02-B34A07E1ED5C}
	EndGlobalSection
EndGlobal
